
Microsoft Visual Studio Solution File, Format Version 12.00
# Visual Studio 2012
Project("{FAE04EC0-301F-11D3-BF4B-00C04F79EFBC}") = "MacacosForms", "MacacosForms\MacacosForms.csproj", "{8B0797A2-9B06-4BD7-A54D-939F30669F32}"
EndProject
Project("{FAE04EC0-301F-11D3-BF4B-00C04F79EFBC}") = "MacacosForms.iOS", "iOS\MacacosForms.iOS.csproj", "{8786F25E-8224-4583-B99D-04E503C24098}"
EndProject
Project("{FAE04EC0-301F-11D3-BF4B-00C04F79EFBC}") = "MacacosForms.Droid", "Droid\MacacosForms.Droid.csproj", "{62A4BF3E-74E8-490F-B4A9-DF35C04DA0A9}"
EndProject
Global
	GlobalSection(SolutionConfigurationPlatforms) = preSolution
		Debug|Any CPU = Debug|Any CPU
		Release|Any CPU = Release|Any CPU
		Debug|iPhoneSimulator = Debug|iPhoneSimulator
		Release|iPhone = Release|iPhone
		Release|iPhoneSimulator = Release|iPhoneSimulator
		Debug|iPhone = Debug|iPhone
	EndGlobalSection
	GlobalSection(ProjectConfigurationPlatforms) = postSolution
		{8B0797A2-9B06-4BD7-A54D-939F30669F32}.Debug|Any CPU.ActiveCfg = Debug|Any CPU
		{8B0797A2-9B06-4BD7-A54D-939F30669F32}.Debug|Any CPU.Build.0 = Debug|Any CPU
		{8B0797A2-9B06-4BD7-A54D-939F30669F32}.Release|Any CPU.ActiveCfg = Release|Any CPU
		{8B0797A2-9B06-4BD7-A54D-939F30669F32}.Release|Any CPU.Build.0 = Release|Any CPU
		{8B0797A2-9B06-4BD7-A54D-939F30669F32}.Debug|iPhoneSimulator.ActiveCfg = Debug|Any CPU
		{8B0797A2-9B06-4BD7-A54D-939F30669F32}.Debug|iPhoneSimulator.Build.0 = Debug|Any CPU
		{8B0797A2-9B06-4BD7-A54D-939F30669F32}.Release|iPhone.ActiveCfg = Release|Any CPU
		{8B0797A2-9B06-4BD7-A54D-939F30669F32}.Release|iPhone.Build.0 = Release|Any CPU
		{8B0797A2-9B06-4BD7-A54D-939F30669F32}.Release|iPhoneSimulator.ActiveCfg = Release|Any CPU
		{8B0797A2-9B06-4BD7-A54D-939F30669F32}.Release|iPhoneSimulator.Build.0 = Release|Any CPU
		{8B0797A2-9B06-4BD7-A54D-939F30669F32}.Debug|iPhone.ActiveCfg = Debug|Any CPU
		{8B0797A2-9B06-4BD7-A54D-939F30669F32}.Debug|iPhone.Build.0 = Debug|Any CPU
		{8786F25E-8224-4583-B99D-04E503C24098}.Debug|Any CPU.ActiveCfg = Debug|iPhoneSimulator
		{8786F25E-8224-4583-B99D-04E503C24098}.Debug|Any CPU.Build.0 = Debug|iPhoneSimulator
		{8786F25E-8224-4583-B99D-04E503C24098}.Release|Any CPU.ActiveCfg = Debug|iPhoneSimulator
		{8786F25E-8224-4583-B99D-04E503C24098}.Release|Any CPU.Build.0 = Debug|iPhoneSimulator
		{8786F25E-8224-4583-B99D-04E503C24098}.Debug|iPhoneSimulator.ActiveCfg = Debug|iPhoneSimulator
		{8786F25E-8224-4583-B99D-04E503C24098}.Debug|iPhoneSimulator.Build.0 = Debug|iPhoneSimulator
		{8786F25E-8224-4583-B99D-04E503C24098}.Release|iPhone.ActiveCfg = Release|iPhone
		{8786F25E-8224-4583-B99D-04E503C24098}.Release|iPhone.Build.0 = Release|iPhone
		{8786F25E-8224-4583-B99D-04E503C24098}.Release|iPhoneSimulator.ActiveCfg = Release|iPhoneSimulator
		{8786F25E-8224-4583-B99D-04E503C24098}.Release|iPhoneSimulator.Build.0 = Release|iPhoneSimulator
		{8786F25E-8224-4583-B99D-04E503C24098}.Debug|iPhone.ActiveCfg = Debug|iPhone
		{8786F25E-8224-4583-B99D-04E503C24098}.Debug|iPhone.Build.0 = Debug|iPhone
		{62A4BF3E-74E8-490F-B4A9-DF35C04DA0A9}.Debug|Any CPU.ActiveCfg = Debug|Any CPU
		{62A4BF3E-74E8-490F-B4A9-DF35C04DA0A9}.Debug|Any CPU.Build.0 = Debug|Any CPU
		{62A4BF3E-74E8-490F-B4A9-DF35C04DA0A9}.Release|Any CPU.ActiveCfg = Release|Any CPU
		{62A4BF3E-74E8-490F-B4A9-DF35C04DA0A9}.Release|Any CPU.Build.0 = Release|Any CPU
		{62A4BF3E-74E8-490F-B4A9-DF35C04DA0A9}.Debug|iPhoneSimulator.ActiveCfg = Debug|Any CPU
		{62A4BF3E-74E8-490F-B4A9-DF35C04DA0A9}.Debug|iPhoneSimulator.Build.0 = Debug|Any CPU
		{62A4BF3E-74E8-490F-B4A9-DF35C04DA0A9}.Release|iPhone.ActiveCfg = Release|Any CPU
		{62A4BF3E-74E8-490F-B4A9-DF35C04DA0A9}.Release|iPhone.Build.0 = Release|Any CPU
		{62A4BF3E-74E8-490F-B4A9-DF35C04DA0A9}.Release|iPhoneSimulator.ActiveCfg = Release|Any CPU
		{62A4BF3E-74E8-490F-B4A9-DF35C04DA0A9}.Release|iPhoneSimulator.Build.0 = Release|Any CPU
		{62A4BF3E-74E8-490F-B4A9-DF35C04DA0A9}.Debug|iPhone.ActiveCfg = Debug|Any CPU
		{62A4BF3E-74E8-490F-B4A9-DF35C04DA0A9}.Debug|iPhone.Build.0 = Debug|Any CPU
	EndGlobalSection
EndGlobal
